
Microsoft Visual Studio Solution File, Format Version 12.00
# Visual Studio Version 16
VisualStudioVersion = 16.0.29409.12
MinimumVisualStudioVersion = 10.0.40219.1
Project("{FAE04EC0-301F-11D3-BF4B-00C04F79EFBC}") = "AssessmentSelenium", "AssessmentSelenium\AssessmentSelenium.csproj", "{55941472-3822-4477-8218-5C2EF623DD5A}"
EndProject
Global
	GlobalSection(SolutionConfigurationPlatforms) = preSolution
		Debug|Any CPU = Debug|Any CPU
		Release|Any CPU = Release|Any CPU
	EndGlobalSection
	GlobalSection(ProjectConfigurationPlatforms) = postSolution
		{55941472-3822-4477-8218-5C2EF623DD5A}.Debug|Any CPU.ActiveCfg = Debug|Any CPU
		{55941472-3822-4477-8218-5C2EF623DD5A}.Debug|Any CPU.Build.0 = Debug|Any CPU
		{55941472-3822-4477-8218-5C2EF623DD5A}.Release|Any CPU.ActiveCfg = Release|Any CPU
		{55941472-3822-4477-8218-5C2EF623DD5A}.Release|Any CPU.Build.0 = Release|Any CPU
	EndGlobalSection
	GlobalSection(SolutionProperties) = preSolution
		HideSolutionNode = FALSE
	EndGlobalSection
	GlobalSection(ExtensibilityGlobals) = postSolution
		SolutionGuid = {2A6181E4-767E-4466-B0CE-E1798996F0D1}
	EndGlobalSection
EndGlobal
