
Microsoft Visual Studio Solution File, Format Version 12.00
# Visual Studio Version 16
VisualStudioVersion = 16.0.29409.12
MinimumVisualStudioVersion = 10.0.40219.1
Project("{FAE04EC0-301F-11D3-BF4B-00C04F79EFBC}") = "Coredemo", "Coredemo\Coredemo.csproj", "{B67FFA3B-EE77-4CA8-A4BD-88D793FBB6ED}"
EndProject
Global
	GlobalSection(SolutionConfigurationPlatforms) = preSolution
		Debug|Any CPU = Debug|Any CPU
		Release|Any CPU = Release|Any CPU
	EndGlobalSection
	GlobalSection(ProjectConfigurationPlatforms) = postSolution
		{B67FFA3B-EE77-4CA8-A4BD-88D793FBB6ED}.Debug|Any CPU.ActiveCfg = Debug|Any CPU
		{B67FFA3B-EE77-4CA8-A4BD-88D793FBB6ED}.Debug|Any CPU.Build.0 = Debug|Any CPU
		{B67FFA3B-EE77-4CA8-A4BD-88D793FBB6ED}.Release|Any CPU.ActiveCfg = Release|Any CPU
		{B67FFA3B-EE77-4CA8-A4BD-88D793FBB6ED}.Release|Any CPU.Build.0 = Release|Any CPU
	EndGlobalSection
	GlobalSection(SolutionProperties) = preSolution
		HideSolutionNode = FALSE
	EndGlobalSection
	GlobalSection(ExtensibilityGlobals) = postSolution
		SolutionGuid = {D7C6A29B-4DE2-4248-AB04-2F9082BB2E05}
	EndGlobalSection
EndGlobal
